<?xml version="1.0" encoding="UTF-8" standalone="yes" ?>
<CodeBlocks_project_file>
	<FileVersion major="1" minor="6" />
	<Project>
		<Option title="Action" />
		<Option pch_mode="2" />
		<Option compiler="gcc" />
		<Build>
			<Target title="Debug">
				<Option output="bin/Debug/Action" prefix_auto="1" extension_auto="1" />
				<Option object_output="obj/Debug/" />
				<Option type="1" />
				<Option compiler="gcc" />
				<Compiler>
					<Add option="-g" />
				</Compiler>
			</Target>
			<Target title="Release">
				<Option output="bin/Release/Action" prefix_auto="1" extension_auto="1" />
				<Option object_output="obj/Release/" />
				<Option type="1" />
				<Option compiler="gcc" />
				<Compiler>
					<Add option="-O2" />
				</Compiler>
				<Linker>
					<Add option="-s" />
				</Linker>
			</Target>
		</Build>
		<Compiler>
			<Add option="-Wall" />
			<Add option="-fexceptions" />
		</Compiler>
		<Unit filename="AVLTree.h" />
		<Unit filename="AVLTree_IllegalPointer.cpp" />
		<Unit filename="AVLTree_IllegalPointer.h" />
		<Unit filename="Action.h" />
		<Unit filename="Alloc_OutOfMemory.cpp" />
		<Unit filename="Alloc_OutOfMemory.h" />
		<Unit filename="Allocator.h" />
		<Unit filename="Allocator.hpp" />
		<Unit filename="ArrayList.h" />
		<Unit filename="ArrayList.hpp" />
		<Unit filename="ArrayList_IllegalPointer.cpp" />
		<Unit filename="ArrayList_IllegalPointer.h" />
		<Unit filename="ArrayList_IndexOutOfRange.cpp" />
		<Unit filename="ArrayList_IndexOutOfRange.h" />
		<Unit filename="BitSet.h" />
		<Unit filename="BitSet.hpp" />
		<Unit filename="BitSet_OutOfRange.cpp" />
		<Unit filename="BitSet_OutOfRange.h" />
		<Unit filename="Boolean.cpp" />
		<Unit filename="Boolean.h" />
		<Unit filename="Byte.cpp" />
		<Unit filename="Byte.h" />
		<Unit filename="DefaultCompare.h" />
		<Unit filename="Deque.h" />
		<Unit filename="Deque.hpp" />
		<Unit filename="Deque_IndexOutOfRange.cpp" />
		<Unit filename="Deque_IndexOutOfRange.h" />
		<Unit filename="Deque_PopOutOfRange.cpp" />
		<Unit filename="Deque_PopOutOfRange.h" />
		<Unit filename="DividedByZero.cpp" />
		<Unit filename="DividedByZero.h" />
		<Unit filename="Exception.cpp" />
		<Unit filename="Exception.h" />
		<Unit filename="HashMap.h" />
		<Unit filename="HashMap.hpp" />
		<Unit filename="HashSet.h" />
		<Unit filename="HashSet.hpp" />
		<Unit filename="Heap.h" />
		<Unit filename="Heap.hpp" />
		<Unit filename="Heap_PopOutOfRange.cpp" />
		<Unit filename="Heap_PopOutOfRange.h" />
		<Unit filename="Integer.cpp" />
		<Unit filename="Integer.h" />
		<Unit filename="Integer_OutOfBound.cpp" />
		<Unit filename="Integer_OutOfBound.h" />
		<Unit filename="LinkedList.h" />
		<Unit filename="LinkedList.hpp" />
		<Unit filename="List_PtrOutOfRange.cpp" />
		<Unit filename="List_PtrOutOfRange.h" />
		<Unit filename="Object.cpp" />
		<Unit filename="Object.h" />
		<Unit filename="Pair.h" />
		<Unit filename="Queue.h" />
		<Unit filename="Queue.hpp" />
		<Unit filename="Queue_PopOutOfRange.cpp" />
		<Unit filename="Queue_PopOutOfRange.h" />
		<Unit filename="Real.cpp" />
		<Unit filename="Real.h" />
		<Unit filename="Real_NotANumber.cpp" />
		<Unit filename="Real_NotANumber.h" />
		<Unit filename="Real_OutOfBound.cpp" />
		<Unit filename="Real_OutOfBound.h" />
		<Unit filename="Set_ElementNotExists.cpp" />
		<Unit filename="Set_ElementNotExists.h" />
		<Unit filename="Set_PtrOutOfRange.cpp" />
		<Unit filename="Set_PtrOutOfRange.h" />
		<Unit filename="Stack.h" />
		<Unit filename="Stack.hpp" />
		<Unit filename="Stack_PopOutOfRange.cpp" />
		<Unit filename="Stack_PopOutOfRange.h" />
		<Unit filename="String.cpp" />
		<Unit filename="String.h" />
		<Unit filename="TreeMap.h" />
		<Unit filename="TreeMap.hpp" />
		<Unit filename="TreeSet.h" />
		<Unit filename="Type_NotCorrespond.cpp" />
		<Unit filename="Type_NotCorrespond.h" />
		<Unit filename="hashcode.c">
			<Option compilerVar="CC" />
		</Unit>
		<Unit filename="main.cpp" />
		<Extensions>
			<code_completion />
			<envvars />
			<debugger>
				<search_path add="..\TDM-GCC-64\bin" />
			</debugger>
			<lib_finder disable_auto="1" />
		</Extensions>
	</Project>
</CodeBlocks_project_file>
